// !$*UTF8*$!
{
	archiveVersion = 1;
	classes = {
	};
	objectVersion = 50;
	objects = {

/* Begin PBXBuildFile section */
		19112EF7252144BB00C57379 /* RegionSelectTableViewController.swift in Sources */ = {isa = PBXBuildFile; fileRef = 19112EF6252144BB00C57379 /* RegionSelectTableViewController.swift */; };
		19112EFC2521458F00C57379 /* RegionSelect.strings in Resources */ = {isa = PBXBuildFile; fileRef = 19112EFB2521458F00C57379 /* RegionSelect.strings */; };
		19332C1923D29708006403B9 /* AppDelegate.swift in Sources */ = {isa = PBXBuildFile; fileRef = 19332C1823D29708006403B9 /* AppDelegate.swift */; };
		19332C1B23D29708006403B9 /* SceneDelegate.swift in Sources */ = {isa = PBXBuildFile; fileRef = 19332C1A23D29708006403B9 /* SceneDelegate.swift */; };
		19332C1D23D29708006403B9 /* TabBarController.swift in Sources */ = {isa = PBXBuildFile; fileRef = 19332C1C23D29708006403B9 /* TabBarController.swift */; };
		19332C2323D29708006403B9 /* WoW_Heroes.xcdatamodeld in Sources */ = {isa = PBXBuildFile; fileRef = 19332C2123D29708006403B9 /* WoW_Heroes.xcdatamodeld */; };
		19332C2523D29711006403B9 /* Assets.xcassets in Resources */ = {isa = PBXBuildFile; fileRef = 19332C2423D29711006403B9 /* Assets.xcassets */; };
		19332C2823D29711006403B9 /* LaunchScreen.storyboard in Resources */ = {isa = PBXBuildFile; fileRef = 19332C2623D29711006403B9 /* LaunchScreen.storyboard */; };
		19332C4323D29E95006403B9 /* HomeTableViewController.swift in Sources */ = {isa = PBXBuildFile; fileRef = 19332C4223D29E95006403B9 /* HomeTableViewController.swift */; };
		193423C923F367FE007A30DE /* NetworkManager.swift in Sources */ = {isa = PBXBuildFile; fileRef = 193423C823F367FE007A30DE /* NetworkManager.swift */; };
		193ADB212522ACC1004BCA25 /* LoadingSpinnerViewController.swift in Sources */ = {isa = PBXBuildFile; fileRef = 193ADB202522ACC1004BCA25 /* LoadingSpinnerViewController.swift */; };
		193ADB352522C3C2004BCA25 /* Spinner.swift in Sources */ = {isa = PBXBuildFile; fileRef = 193ADB342522C3C2004BCA25 /* Spinner.swift */; };
		1944059D2531477900CE8FC0 /* OtherCharacterTableViewCell.swift in Sources */ = {isa = PBXBuildFile; fileRef = 1944059C2531477900CE8FC0 /* OtherCharacterTableViewCell.swift */; };
		194405A8253150B600CE8FC0 /* UIColorExtension.swift in Sources */ = {isa = PBXBuildFile; fileRef = 194405A7253150B600CE8FC0 /* UIColorExtension.swift */; };
		1954FA2723D2A625006906F2 /* Home.strings in Resources */ = {isa = PBXBuildFile; fileRef = 1954FA2623D2A625006906F2 /* Home.strings */; };
		19623452251FD97700464FA7 /* UserDefaultsHelper.swift in Sources */ = {isa = PBXBuildFile; fileRef = 19623451251FD97700464FA7 /* UserDefaultsHelper.swift */; };
		19623456251FDC5400464FA7 /* GlobalStringDefinitions.swift in Sources */ = {isa = PBXBuildFile; fileRef = 19623455251FDC5400464FA7 /* GlobalStringDefinitions.swift */; };
		196234802520014600464FA7 /* WoW_HeroesTests.swift in Sources */ = {isa = PBXBuildFile; fileRef = 1962347F2520014600464FA7 /* WoW_HeroesTests.swift */; };
		1962348425200DE100464FA7 /* AddCharacterTableViewController.swift in Sources */ = {isa = PBXBuildFile; fileRef = 1962348325200DE100464FA7 /* AddCharacterTableViewController.swift */; };
		19623496252012F600464FA7 /* TextFieldTableViewCell.swift in Sources */ = {isa = PBXBuildFile; fileRef = 19623495252012F600464FA7 /* TextFieldTableViewCell.swift */; };
		1962349A2520251100464FA7 /* RealmSelectPickerViewTableViewCell.swift in Sources */ = {isa = PBXBuildFile; fileRef = 196234992520251100464FA7 /* RealmSelectPickerViewTableViewCell.swift */; };
		196234A2252059AF00464FA7 /* AddCharacter.strings in Resources */ = {isa = PBXBuildFile; fileRef = 196234A1252059AF00464FA7 /* AddCharacter.strings */; };
		196234A825205A2600464FA7 /* GlobalStrings.strings in Resources */ = {isa = PBXBuildFile; fileRef = 196234A725205A2600464FA7 /* GlobalStrings.strings */; };
		1965D20A24DB417C00FDBE66 /* Realm.swift in Sources */ = {isa = PBXBuildFile; fileRef = 1965D20924DB417C00FDBE66 /* Realm.swift */; };
		19663AC6252F68FB00217FA9 /* StringExtension.swift in Sources */ = {isa = PBXBuildFile; fileRef = 19663AC5252F68FB00217FA9 /* StringExtension.swift */; };
		1987586B25328C3C008EB4A2 /* SettingsTableViewController.swift in Sources */ = {isa = PBXBuildFile; fileRef = 1987586A25328C3C008EB4A2 /* SettingsTableViewController.swift */; };
		198758752532A0BA008EB4A2 /* AppThemeTableViewController.swift in Sources */ = {isa = PBXBuildFile; fileRef = 198758742532A0BA008EB4A2 /* AppThemeTableViewController.swift */; };
		198758972532C862008EB4A2 /* AppTheme.strings in Resources */ = {isa = PBXBuildFile; fileRef = 198758962532C862008EB4A2 /* AppTheme.strings */; };
		1987589B2532C86C008EB4A2 /* Settings.strings in Resources */ = {isa = PBXBuildFile; fileRef = 1987589A2532C86C008EB4A2 /* Settings.strings */; };
		1992145B252E7B7B00547024 /* Character.swift in Sources */ = {isa = PBXBuildFile; fileRef = 1992145A252E7B7B00547024 /* Character.swift */; };
		199B28662533AFD7007A04A7 /* GuildMemberTableViewCell.swift in Sources */ = {isa = PBXBuildFile; fileRef = 199B28652533AFD7007A04A7 /* GuildMemberTableViewCell.swift */; };
		19AC19E5252D632800AB0351 /* UIAlertControllerExtension.swift in Sources */ = {isa = PBXBuildFile; fileRef = 19AC19E4252D632800AB0351 /* UIAlertControllerExtension.swift */; };
		19B3BFC623F0629900486823 /* SCAccessToken.swift in Sources */ = {isa = PBXBuildFile; fileRef = 19B3BFC523F0629900486823 /* SCAccessToken.swift */; };
		19C3D821252EB7A7001D09BD /* CharacterClass.swift in Sources */ = {isa = PBXBuildFile; fileRef = 19C3D820252EB7A7001D09BD /* CharacterClass.swift */; };
		19C3D826252EB9E0001D09BD /* Guild.swift in Sources */ = {isa = PBXBuildFile; fileRef = 19C3D825252EB9E0001D09BD /* Guild.swift */; };
		19C88E0D25336F3A0093E921 /* GuildHomeTableViewController.swift in Sources */ = {isa = PBXBuildFile; fileRef = 19C88E0C25336F3A0093E921 /* GuildHomeTableViewController.swift */; };
		19C88E1225336F9C0093E921 /* Guild.strings in Resources */ = {isa = PBXBuildFile; fileRef = 19C88E1125336F9C0093E921 /* Guild.strings */; };
		19C88E182533786C0093E921 /* GuildRosterTableViewController.swift in Sources */ = {isa = PBXBuildFile; fileRef = 19C88E172533786C0093E921 /* GuildRosterTableViewController.swift */; };
		19C88E1C25337DA20093E921 /* SCPlayableClasses.swift in Sources */ = {isa = PBXBuildFile; fileRef = 19C88E1B25337DA20093E921 /* SCPlayableClasses.swift */; };
		19C88E202533A0260093E921 /* GuildRosterMember.swift in Sources */ = {isa = PBXBuildFile; fileRef = 19C88E1F2533A0260093E921 /* GuildRosterMember.swift */; };
		19C88E252533A1F10093E921 /* SCGuildRoster.swift in Sources */ = {isa = PBXBuildFile; fileRef = 19C88E242533A1F10093E921 /* SCGuildRoster.swift */; };
		19C9492D243820D4001780F2 /* NotificationNameExtension.swift in Sources */ = {isa = PBXBuildFile; fileRef = 19C9492C243820D4001780F2 /* NotificationNameExtension.swift */; };
		19CF1D172436655B009F2700 /* SCCharacterProfile.swift in Sources */ = {isa = PBXBuildFile; fileRef = 19CF1D162436655B009F2700 /* SCCharacterProfile.swift */; };
		19CF1D1A2437B954009F2700 /* SCRealmIndex.swift in Sources */ = {isa = PBXBuildFile; fileRef = 19CF1D192437B954009F2700 /* SCRealmIndex.swift */; };
		19FDC81924DB5FC000621FF5 /* WHNSManagedObject.swift in Sources */ = {isa = PBXBuildFile; fileRef = 19FDC81824DB5FC000621FF5 /* WHNSManagedObject.swift */; };
/* End PBXBuildFile section */

/* Begin PBXContainerItemProxy section */
		19332C2F23D29711006403B9 /* PBXContainerItemProxy */ = {
			isa = PBXContainerItemProxy;
			containerPortal = 19332C0D23D29708006403B9 /* Project object */;
			proxyType = 1;
			remoteGlobalIDString = 19332C1423D29708006403B9;
			remoteInfo = WoW_Heroes;
		};
/* End PBXContainerItemProxy section */

/* Begin PBXFileReference section */
		19112EF6252144BB00C57379 /* RegionSelectTableViewController.swift */ = {isa = PBXFileReference; lastKnownFileType = sourcecode.swift; path = RegionSelectTableViewController.swift; sourceTree = "<group>"; };
		19112EFB2521458F00C57379 /* RegionSelect.strings */ = {isa = PBXFileReference; lastKnownFileType = text.plist.strings; path = RegionSelect.strings; sourceTree = "<group>"; };
		19332C1523D29708006403B9 /* WoW_Heroes.app */ = {isa = PBXFileReference; explicitFileType = wrapper.application; includeInIndex = 0; path = WoW_Heroes.app; sourceTree = BUILT_PRODUCTS_DIR; };
		19332C1823D29708006403B9 /* AppDelegate.swift */ = {isa = PBXFileReference; lastKnownFileType = sourcecode.swift; path = AppDelegate.swift; sourceTree = "<group>"; };
		19332C1A23D29708006403B9 /* SceneDelegate.swift */ = {isa = PBXFileReference; lastKnownFileType = sourcecode.swift; path = SceneDelegate.swift; sourceTree = "<group>"; };
		19332C1C23D29708006403B9 /* TabBarController.swift */ = {isa = PBXFileReference; lastKnownFileType = sourcecode.swift; path = TabBarController.swift; sourceTree = "<group>"; };
		19332C2223D29708006403B9 /* WoW_Heroes.xcdatamodel */ = {isa = PBXFileReference; lastKnownFileType = wrapper.xcdatamodel; path = WoW_Heroes.xcdatamodel; sourceTree = "<group>"; };
		19332C2423D29711006403B9 /* Assets.xcassets */ = {isa = PBXFileReference; lastKnownFileType = folder.assetcatalog; path = Assets.xcassets; sourceTree = "<group>"; };
		19332C2723D29711006403B9 /* Base */ = {isa = PBXFileReference; lastKnownFileType = file.storyboard; name = Base; path = Base.lproj/LaunchScreen.storyboard; sourceTree = "<group>"; };
		19332C2923D29711006403B9 /* Info.plist */ = {isa = PBXFileReference; lastKnownFileType = text.plist.xml; path = Info.plist; sourceTree = "<group>"; };
		19332C2E23D29711006403B9 /* WoW_HeroesTests.xctest */ = {isa = PBXFileReference; explicitFileType = wrapper.cfbundle; includeInIndex = 0; path = WoW_HeroesTests.xctest; sourceTree = BUILT_PRODUCTS_DIR; };
		19332C3423D29711006403B9 /* Info.plist */ = {isa = PBXFileReference; lastKnownFileType = text.plist.xml; path = Info.plist; sourceTree = "<group>"; };
		19332C4223D29E95006403B9 /* HomeTableViewController.swift */ = {isa = PBXFileReference; lastKnownFileType = sourcecode.swift; path = HomeTableViewController.swift; sourceTree = "<group>"; };
		193423C823F367FE007A30DE /* NetworkManager.swift */ = {isa = PBXFileReference; lastKnownFileType = sourcecode.swift; path = NetworkManager.swift; sourceTree = "<group>"; };
		193ADB202522ACC1004BCA25 /* LoadingSpinnerViewController.swift */ = {isa = PBXFileReference; lastKnownFileType = sourcecode.swift; path = LoadingSpinnerViewController.swift; sourceTree = "<group>"; };
		193ADB342522C3C2004BCA25 /* Spinner.swift */ = {isa = PBXFileReference; lastKnownFileType = sourcecode.swift; path = Spinner.swift; sourceTree = "<group>"; };
		1944059C2531477900CE8FC0 /* OtherCharacterTableViewCell.swift */ = {isa = PBXFileReference; lastKnownFileType = sourcecode.swift; path = OtherCharacterTableViewCell.swift; sourceTree = "<group>"; };
		194405A7253150B600CE8FC0 /* UIColorExtension.swift */ = {isa = PBXFileReference; lastKnownFileType = sourcecode.swift; path = UIColorExtension.swift; sourceTree = "<group>"; };
		1954FA2623D2A625006906F2 /* Home.strings */ = {isa = PBXFileReference; lastKnownFileType = text.plist.strings; path = Home.strings; sourceTree = "<group>"; };
		19623451251FD97700464FA7 /* UserDefaultsHelper.swift */ = {isa = PBXFileReference; lastKnownFileType = sourcecode.swift; path = UserDefaultsHelper.swift; sourceTree = "<group>"; };
		19623455251FDC5400464FA7 /* GlobalStringDefinitions.swift */ = {isa = PBXFileReference; lastKnownFileType = sourcecode.swift; path = GlobalStringDefinitions.swift; sourceTree = "<group>"; };
		1962347F2520014600464FA7 /* WoW_HeroesTests.swift */ = {isa = PBXFileReference; fileEncoding = 4; lastKnownFileType = sourcecode.swift; path = WoW_HeroesTests.swift; sourceTree = "<group>"; };
		1962348325200DE100464FA7 /* AddCharacterTableViewController.swift */ = {isa = PBXFileReference; lastKnownFileType = sourcecode.swift; path = AddCharacterTableViewController.swift; sourceTree = "<group>"; };
		19623495252012F600464FA7 /* TextFieldTableViewCell.swift */ = {isa = PBXFileReference; lastKnownFileType = sourcecode.swift; path = TextFieldTableViewCell.swift; sourceTree = "<group>"; };
		196234992520251100464FA7 /* RealmSelectPickerViewTableViewCell.swift */ = {isa = PBXFileReference; lastKnownFileType = sourcecode.swift; path = RealmSelectPickerViewTableViewCell.swift; sourceTree = "<group>"; };
		196234A1252059AF00464FA7 /* AddCharacter.strings */ = {isa = PBXFileReference; lastKnownFileType = text.plist.strings; path = AddCharacter.strings; sourceTree = "<group>"; };
		196234A725205A2600464FA7 /* GlobalStrings.strings */ = {isa = PBXFileReference; lastKnownFileType = text.plist.strings; path = GlobalStrings.strings; sourceTree = "<group>"; };
		1965D20924DB417C00FDBE66 /* Realm.swift */ = {isa = PBXFileReference; lastKnownFileType = sourcecode.swift; path = Realm.swift; sourceTree = "<group>"; };
		19663AC5252F68FB00217FA9 /* StringExtension.swift */ = {isa = PBXFileReference; lastKnownFileType = sourcecode.swift; path = StringExtension.swift; sourceTree = "<group>"; };
		1987586A25328C3C008EB4A2 /* SettingsTableViewController.swift */ = {isa = PBXFileReference; lastKnownFileType = sourcecode.swift; path = SettingsTableViewController.swift; sourceTree = "<group>"; };
		198758742532A0BA008EB4A2 /* AppThemeTableViewController.swift */ = {isa = PBXFileReference; lastKnownFileType = sourcecode.swift; path = AppThemeTableViewController.swift; sourceTree = "<group>"; };
		198758962532C862008EB4A2 /* AppTheme.strings */ = {isa = PBXFileReference; lastKnownFileType = text.plist.strings; path = AppTheme.strings; sourceTree = "<group>"; };
		1987589A2532C86C008EB4A2 /* Settings.strings */ = {isa = PBXFileReference; lastKnownFileType = text.plist.strings; path = Settings.strings; sourceTree = "<group>"; };
		1992145A252E7B7B00547024 /* Character.swift */ = {isa = PBXFileReference; lastKnownFileType = sourcecode.swift; path = Character.swift; sourceTree = "<group>"; };
		199B28652533AFD7007A04A7 /* GuildMemberTableViewCell.swift */ = {isa = PBXFileReference; lastKnownFileType = sourcecode.swift; path = GuildMemberTableViewCell.swift; sourceTree = "<group>"; };
		19AC19E4252D632800AB0351 /* UIAlertControllerExtension.swift */ = {isa = PBXFileReference; lastKnownFileType = sourcecode.swift; path = UIAlertControllerExtension.swift; sourceTree = "<group>"; };
		19B3BFC523F0629900486823 /* SCAccessToken.swift */ = {isa = PBXFileReference; lastKnownFileType = sourcecode.swift; path = SCAccessToken.swift; sourceTree = "<group>"; };
		19C3D820252EB7A7001D09BD /* CharacterClass.swift */ = {isa = PBXFileReference; lastKnownFileType = sourcecode.swift; path = CharacterClass.swift; sourceTree = "<group>"; };
		19C3D825252EB9E0001D09BD /* Guild.swift */ = {isa = PBXFileReference; lastKnownFileType = sourcecode.swift; path = Guild.swift; sourceTree = "<group>"; };
		19C88E0C25336F3A0093E921 /* GuildHomeTableViewController.swift */ = {isa = PBXFileReference; lastKnownFileType = sourcecode.swift; path = GuildHomeTableViewController.swift; sourceTree = "<group>"; };
		19C88E1125336F9C0093E921 /* Guild.strings */ = {isa = PBXFileReference; lastKnownFileType = text.plist.strings; path = Guild.strings; sourceTree = "<group>"; };
		19C88E172533786C0093E921 /* GuildRosterTableViewController.swift */ = {isa = PBXFileReference; lastKnownFileType = sourcecode.swift; path = GuildRosterTableViewController.swift; sourceTree = "<group>"; };
		19C88E1B25337DA20093E921 /* SCPlayableClasses.swift */ = {isa = PBXFileReference; lastKnownFileType = sourcecode.swift; path = SCPlayableClasses.swift; sourceTree = "<group>"; };
		19C88E1F2533A0260093E921 /* GuildRosterMember.swift */ = {isa = PBXFileReference; lastKnownFileType = sourcecode.swift; path = GuildRosterMember.swift; sourceTree = "<group>"; };
		19C88E242533A1F10093E921 /* SCGuildRoster.swift */ = {isa = PBXFileReference; lastKnownFileType = sourcecode.swift; path = SCGuildRoster.swift; sourceTree = "<group>"; };
		19C9492C243820D4001780F2 /* NotificationNameExtension.swift */ = {isa = PBXFileReference; lastKnownFileType = sourcecode.swift; path = NotificationNameExtension.swift; sourceTree = "<group>"; };
		19CF1D162436655B009F2700 /* SCCharacterProfile.swift */ = {isa = PBXFileReference; lastKnownFileType = sourcecode.swift; path = SCCharacterProfile.swift; sourceTree = "<group>"; };
		19CF1D192437B954009F2700 /* SCRealmIndex.swift */ = {isa = PBXFileReference; lastKnownFileType = sourcecode.swift; path = SCRealmIndex.swift; sourceTree = "<group>"; };
		19FDC81824DB5FC000621FF5 /* WHNSManagedObject.swift */ = {isa = PBXFileReference; lastKnownFileType = sourcecode.swift; path = WHNSManagedObject.swift; sourceTree = "<group>"; };
/* End PBXFileReference section */

/* Begin PBXFrameworksBuildPhase section */
		19332C1223D29708006403B9 /* Frameworks */ = {
			isa = PBXFrameworksBuildPhase;
			buildActionMask = 2147483647;
			files = (
			);
			runOnlyForDeploymentPostprocessing = 0;
		};
		19332C2B23D29711006403B9 /* Frameworks */ = {
			isa = PBXFrameworksBuildPhase;
			buildActionMask = 2147483647;
			files = (
			);
			runOnlyForDeploymentPostprocessing = 0;
		};
/* End PBXFrameworksBuildPhase section */

/* Begin PBXGroup section */
		19112EFA2521457500C57379 /* Strings */ = {
			isa = PBXGroup;
			children = (
				196234A1252059AF00464FA7 /* AddCharacter.strings */,
				19112EFB2521458F00C57379 /* RegionSelect.strings */,
			);
			path = Strings;
			sourceTree = "<group>";
		};
		19332C0C23D29708006403B9 = {
			isa = PBXGroup;
			children = (
				19332C1723D29708006403B9 /* WoW_Heroes */,
				19332C3123D29711006403B9 /* WoW_HeroesTests */,
				19332C1623D29708006403B9 /* Products */,
			);
			sourceTree = "<group>";
		};
		19332C1623D29708006403B9 /* Products */ = {
			isa = PBXGroup;
			children = (
				19332C1523D29708006403B9 /* WoW_Heroes.app */,
				19332C2E23D29711006403B9 /* WoW_HeroesTests.xctest */,
			);
			name = Products;
			sourceTree = "<group>";
		};
		19332C1723D29708006403B9 /* WoW_Heroes */ = {
			isa = PBXGroup;
			children = (
				19332C2923D29711006403B9 /* Info.plist */,
				19332C4123D29E5C006403B9 /* Controllers */,
				19623487252010CE00464FA7 /* Custom Views */,
				193423CA23F50740007A30DE /* Utility */,
				19332C4023D29A07006403B9 /* Core Data */,
				19332C3F23D29A00006403B9 /* Resources */,
			);
			path = WoW_Heroes;
			sourceTree = "<group>";
		};
		19332C3123D29711006403B9 /* WoW_HeroesTests */ = {
			isa = PBXGroup;
			children = (
				1962347F2520014600464FA7 /* WoW_HeroesTests.swift */,
				19332C3423D29711006403B9 /* Info.plist */,
			);
			path = WoW_HeroesTests;
			sourceTree = "<group>";
		};
		19332C3D23D299C2006403B9 /* AppDelegate */ = {
			isa = PBXGroup;
			children = (
				19332C1823D29708006403B9 /* AppDelegate.swift */,
				19332C1A23D29708006403B9 /* SceneDelegate.swift */,
			);
			path = AppDelegate;
			sourceTree = "<group>";
		};
		19332C3E23D299EB006403B9 /* Assets */ = {
			isa = PBXGroup;
			children = (
				19332C2423D29711006403B9 /* Assets.xcassets */,
			);
			path = Assets;
			sourceTree = "<group>";
		};
		19332C3F23D29A00006403B9 /* Resources */ = {
			isa = PBXGroup;
			children = (
				19332C3E23D299EB006403B9 /* Assets */,
				19332C2623D29711006403B9 /* LaunchScreen.storyboard */,
			);
			path = Resources;
			sourceTree = "<group>";
		};
		19332C4023D29A07006403B9 /* Core Data */ = {
			isa = PBXGroup;
			children = (
				19332C2123D29708006403B9 /* WoW_Heroes.xcdatamodeld */,
				19FDC81824DB5FC000621FF5 /* WHNSManagedObject.swift */,
				19921459252E7B5E00547024 /* Character */,
				19C3D824252EB9CD001D09BD /* Guild */,
				19FDC81A24DB663700621FF5 /* Realm */,
			);
			path = "Core Data";
			sourceTree = "<group>";
		};
		19332C4123D29E5C006403B9 /* Controllers */ = {
			isa = PBXGroup;
			children = (
				19C9492B243820B8001780F2 /* Extensions */,
				19332C3D23D299C2006403B9 /* AppDelegate */,
				19332C4A23D2A261006403B9 /* Home */,
				19C88E0B25336F230093E921 /* Guild */,
				1987586925328C12008EB4A2 /* Settings */,
				19332C4C23D2A26D006403B9 /* Tab Bar */,
			);
			path = Controllers;
			sourceTree = "<group>";
		};
		19332C4A23D2A261006403B9 /* Home */ = {
			isa = PBXGroup;
			children = (
				19E9F4A0241C1D4600C464AC /* Add Character */,
				1954FA2523D2A60D006906F2 /* Strings */,
				19332C4223D29E95006403B9 /* HomeTableViewController.swift */,
			);
			path = Home;
			sourceTree = "<group>";
		};
		19332C4C23D2A26D006403B9 /* Tab Bar */ = {
			isa = PBXGroup;
			children = (
				19332C1C23D29708006403B9 /* TabBarController.swift */,
			);
			path = "Tab Bar";
			sourceTree = "<group>";
		};
		193423CA23F50740007A30DE /* Utility */ = {
			isa = PBXGroup;
			children = (
				19623450251FD96200464FA7 /* User Defaults */,
				19B3BFC223F061B600486823 /* Service Calls */,
			);
			path = Utility;
			sourceTree = "<group>";
		};
		193ADB1F2522ACA6004BCA25 /* Loading Spinner */ = {
			isa = PBXGroup;
			children = (
				193ADB202522ACC1004BCA25 /* LoadingSpinnerViewController.swift */,
				193ADB342522C3C2004BCA25 /* Spinner.swift */,
			);
			path = "Loading Spinner";
			sourceTree = "<group>";
		};
		1954FA2523D2A60D006906F2 /* Strings */ = {
			isa = PBXGroup;
			children = (
				1954FA2623D2A625006906F2 /* Home.strings */,
			);
			path = Strings;
			sourceTree = "<group>";
		};
		19623450251FD96200464FA7 /* User Defaults */ = {
			isa = PBXGroup;
			children = (
				19623451251FD97700464FA7 /* UserDefaultsHelper.swift */,
			);
			path = "User Defaults";
			sourceTree = "<group>";
		};
		19623487252010CE00464FA7 /* Custom Views */ = {
			isa = PBXGroup;
			children = (
				193ADB1F2522ACA6004BCA25 /* Loading Spinner */,
				19623488252010E600464FA7 /* TableView Cells */,
			);
			path = "Custom Views";
			sourceTree = "<group>";
		};
		19623488252010E600464FA7 /* TableView Cells */ = {
			isa = PBXGroup;
			children = (
				196234992520251100464FA7 /* RealmSelectPickerViewTableViewCell.swift */,
				19623495252012F600464FA7 /* TextFieldTableViewCell.swift */,
				1944059C2531477900CE8FC0 /* OtherCharacterTableViewCell.swift */,
				199B28652533AFD7007A04A7 /* GuildMemberTableViewCell.swift */,
			);
			path = "TableView Cells";
			sourceTree = "<group>";
		};
		196234AD25205A3400464FA7 /* Strings */ = {
			isa = PBXGroup;
			children = (
				196234A725205A2600464FA7 /* GlobalStrings.strings */,
			);
			path = Strings;
			sourceTree = "<group>";
		};
		1987586925328C12008EB4A2 /* Settings */ = {
			isa = PBXGroup;
			children = (
				1987589E2532C871008EB4A2 /* Strings */,
				1987586A25328C3C008EB4A2 /* SettingsTableViewController.swift */,
				198758742532A0BA008EB4A2 /* AppThemeTableViewController.swift */,
			);
			path = Settings;
			sourceTree = "<group>";
		};
		1987589E2532C871008EB4A2 /* Strings */ = {
			isa = PBXGroup;
			children = (
				198758962532C862008EB4A2 /* AppTheme.strings */,
				1987589A2532C86C008EB4A2 /* Settings.strings */,
			);
			path = Strings;
			sourceTree = "<group>";
		};
		19921459252E7B5E00547024 /* Character */ = {
			isa = PBXGroup;
			children = (
				1992145A252E7B7B00547024 /* Character.swift */,
				19C3D820252EB7A7001D09BD /* CharacterClass.swift */,
			);
			path = Character;
			sourceTree = "<group>";
		};
		19B3BFC223F061B600486823 /* Service Calls */ = {
			isa = PBXGroup;
			children = (
				19B3BFC323F061CF00486823 /* AccessToken */,
				19CF1D182437B8E8009F2700 /* Realms */,
				19C88E232533A1E00093E921 /* Guild */,
				19B3BFC423F061D700486823 /* WoWCharacters */,
				193423C823F367FE007A30DE /* NetworkManager.swift */,
			);
			path = "Service Calls";
			sourceTree = "<group>";
		};
		19B3BFC323F061CF00486823 /* AccessToken */ = {
			isa = PBXGroup;
			children = (
				19B3BFC523F0629900486823 /* SCAccessToken.swift */,
			);
			path = AccessToken;
			sourceTree = "<group>";
		};
		19B3BFC423F061D700486823 /* WoWCharacters */ = {
			isa = PBXGroup;
			children = (
				19CF1D162436655B009F2700 /* SCCharacterProfile.swift */,
				19C88E1B25337DA20093E921 /* SCPlayableClasses.swift */,
			);
			path = WoWCharacters;
			sourceTree = "<group>";
		};
		19C3D824252EB9CD001D09BD /* Guild */ = {
			isa = PBXGroup;
			children = (
				19C3D825252EB9E0001D09BD /* Guild.swift */,
				19C88E1F2533A0260093E921 /* GuildRosterMember.swift */,
			);
			path = Guild;
			sourceTree = "<group>";
		};
		19C88E0B25336F230093E921 /* Guild */ = {
			isa = PBXGroup;
			children = (
				19C88E1025336F900093E921 /* Strings */,
				19C88E0C25336F3A0093E921 /* GuildHomeTableViewController.swift */,
				19C88E172533786C0093E921 /* GuildRosterTableViewController.swift */,
			);
			path = Guild;
			sourceTree = "<group>";
		};
		19C88E1025336F900093E921 /* Strings */ = {
			isa = PBXGroup;
			children = (
				19C88E1125336F9C0093E921 /* Guild.strings */,
			);
			path = Strings;
			sourceTree = "<group>";
		};
		19C88E232533A1E00093E921 /* Guild */ = {
			isa = PBXGroup;
			children = (
				19C88E242533A1F10093E921 /* SCGuildRoster.swift */,
			);
			path = Guild;
			sourceTree = "<group>";
		};
		19C9492B243820B8001780F2 /* Extensions */ = {
			isa = PBXGroup;
			children = (
				196234AD25205A3400464FA7 /* Strings */,
				19623455251FDC5400464FA7 /* GlobalStringDefinitions.swift */,
				19C9492C243820D4001780F2 /* NotificationNameExtension.swift */,
				19AC19E4252D632800AB0351 /* UIAlertControllerExtension.swift */,
				19663AC5252F68FB00217FA9 /* StringExtension.swift */,
				194405A7253150B600CE8FC0 /* UIColorExtension.swift */,
			);
			path = Extensions;
			sourceTree = "<group>";
		};
		19CF1D182437B8E8009F2700 /* Realms */ = {
			isa = PBXGroup;
			children = (
				19CF1D192437B954009F2700 /* SCRealmIndex.swift */,
			);
			path = Realms;
			sourceTree = "<group>";
		};
		19E9F4A0241C1D4600C464AC /* Add Character */ = {
			isa = PBXGroup;
			children = (
				19112EFA2521457500C57379 /* Strings */,
				1962348325200DE100464FA7 /* AddCharacterTableViewController.swift */,
				19112EF6252144BB00C57379 /* RegionSelectTableViewController.swift */,
			);
			path = "Add Character";
			sourceTree = "<group>";
		};
		19FDC81A24DB663700621FF5 /* Realm */ = {
			isa = PBXGroup;
			children = (
				1965D20924DB417C00FDBE66 /* Realm.swift */,
			);
			path = Realm;
			sourceTree = "<group>";
		};
/* End PBXGroup section */

/* Begin PBXNativeTarget section */
		19332C1423D29708006403B9 /* WoW_Heroes */ = {
			isa = PBXNativeTarget;
			buildConfigurationList = 19332C3723D29711006403B9 /* Build configuration list for PBXNativeTarget "WoW_Heroes" */;
			buildPhases = (
				19332C1123D29708006403B9 /* Sources */,
				19332C1223D29708006403B9 /* Frameworks */,
				19332C1323D29708006403B9 /* Resources */,
			);
			buildRules = (
			);
			dependencies = (
			);
			name = WoW_Heroes;
			productName = WoW_Heroes;
			productReference = 19332C1523D29708006403B9 /* WoW_Heroes.app */;
			productType = "com.apple.product-type.application";
		};
		19332C2D23D29711006403B9 /* WoW_HeroesTests */ = {
			isa = PBXNativeTarget;
			buildConfigurationList = 19332C3A23D29711006403B9 /* Build configuration list for PBXNativeTarget "WoW_HeroesTests" */;
			buildPhases = (
				19332C2A23D29711006403B9 /* Sources */,
				19332C2B23D29711006403B9 /* Frameworks */,
				19332C2C23D29711006403B9 /* Resources */,
			);
			buildRules = (
			);
			dependencies = (
				19332C3023D29711006403B9 /* PBXTargetDependency */,
			);
			name = WoW_HeroesTests;
			productName = WoW_HeroesTests;
			productReference = 19332C2E23D29711006403B9 /* WoW_HeroesTests.xctest */;
			productType = "com.apple.product-type.bundle.unit-test";
		};
/* End PBXNativeTarget section */

/* Begin PBXProject section */
		19332C0D23D29708006403B9 /* Project object */ = {
			isa = PBXProject;
			attributes = {
				LastSwiftUpdateCheck = 1130;
				LastUpgradeCheck = 1130;
				ORGANIZATIONNAME = "Kade Walter";
				TargetAttributes = {
					19332C1423D29708006403B9 = {
						CreatedOnToolsVersion = 11.3.1;
					};
					19332C2D23D29711006403B9 = {
						CreatedOnToolsVersion = 11.3.1;
						LastSwiftMigration = 1200;
						TestTargetID = 19332C1423D29708006403B9;
					};
				};
			};
			buildConfigurationList = 19332C1023D29708006403B9 /* Build configuration list for PBXProject "WoW_Heroes" */;
			compatibilityVersion = "Xcode 9.3";
			developmentRegion = en;
			hasScannedForEncodings = 0;
			knownRegions = (
				en,
				Base,
			);
			mainGroup = 19332C0C23D29708006403B9;
			productRefGroup = 19332C1623D29708006403B9 /* Products */;
			projectDirPath = "";
			projectRoot = "";
			targets = (
				19332C1423D29708006403B9 /* WoW_Heroes */,
				19332C2D23D29711006403B9 /* WoW_HeroesTests */,
			);
		};
/* End PBXProject section */

/* Begin PBXResourcesBuildPhase section */
		19332C1323D29708006403B9 /* Resources */ = {
			isa = PBXResourcesBuildPhase;
			buildActionMask = 2147483647;
			files = (
				19332C2823D29711006403B9 /* LaunchScreen.storyboard in Resources */,
				1987589B2532C86C008EB4A2 /* Settings.strings in Resources */,
				19332C2523D29711006403B9 /* Assets.xcassets in Resources */,
				196234A825205A2600464FA7 /* GlobalStrings.strings in Resources */,
				1954FA2723D2A625006906F2 /* Home.strings in Resources */,
				19112EFC2521458F00C57379 /* RegionSelect.strings in Resources */,
				196234A2252059AF00464FA7 /* AddCharacter.strings in Resources */,
				19C88E1225336F9C0093E921 /* Guild.strings in Resources */,
				198758972532C862008EB4A2 /* AppTheme.strings in Resources */,
			);
			runOnlyForDeploymentPostprocessing = 0;
		};
		19332C2C23D29711006403B9 /* Resources */ = {
			isa = PBXResourcesBuildPhase;
			buildActionMask = 2147483647;
			files = (
			);
			runOnlyForDeploymentPostprocessing = 0;
		};
/* End PBXResourcesBuildPhase section */

/* Begin PBXSourcesBuildPhase section */
		19332C1123D29708006403B9 /* Sources */ = {
			isa = PBXSourcesBuildPhase;
			buildActionMask = 2147483647;
			files = (
				19C88E1C25337DA20093E921 /* SCPlayableClasses.swift in Sources */,
				19623496252012F600464FA7 /* TextFieldTableViewCell.swift in Sources */,
				19C88E252533A1F10093E921 /* SCGuildRoster.swift in Sources */,
				19CF1D1A2437B954009F2700 /* SCRealmIndex.swift in Sources */,
				19623456251FDC5400464FA7 /* GlobalStringDefinitions.swift in Sources */,
				1962348425200DE100464FA7 /* AddCharacterTableViewController.swift in Sources */,
				193ADB212522ACC1004BCA25 /* LoadingSpinnerViewController.swift in Sources */,
				19332C1D23D29708006403B9 /* TabBarController.swift in Sources */,
				19C9492D243820D4001780F2 /* NotificationNameExtension.swift in Sources */,
				1965D20A24DB417C00FDBE66 /* Realm.swift in Sources */,
				193423C923F367FE007A30DE /* NetworkManager.swift in Sources */,
				19112EF7252144BB00C57379 /* RegionSelectTableViewController.swift in Sources */,
				19C3D821252EB7A7001D09BD /* CharacterClass.swift in Sources */,
				198758752532A0BA008EB4A2 /* AppThemeTableViewController.swift in Sources */,
				199B28662533AFD7007A04A7 /* GuildMemberTableViewCell.swift in Sources */,
				19C88E0D25336F3A0093E921 /* GuildHomeTableViewController.swift in Sources */,
				193ADB352522C3C2004BCA25 /* Spinner.swift in Sources */,
				1992145B252E7B7B00547024 /* Character.swift in Sources */,
				19332C2323D29708006403B9 /* WoW_Heroes.xcdatamodeld in Sources */,
				19332C1923D29708006403B9 /* AppDelegate.swift in Sources */,
				19C3D826252EB9E0001D09BD /* Guild.swift in Sources */,
				19C88E202533A0260093E921 /* GuildRosterMember.swift in Sources */,
				1962349A2520251100464FA7 /* RealmSelectPickerViewTableViewCell.swift in Sources */,
				19FDC81924DB5FC000621FF5 /* WHNSManagedObject.swift in Sources */,
				19623452251FD97700464FA7 /* UserDefaultsHelper.swift in Sources */,
				19B3BFC623F0629900486823 /* SCAccessToken.swift in Sources */,
				1987586B25328C3C008EB4A2 /* SettingsTableViewController.swift in Sources */,
				194405A8253150B600CE8FC0 /* UIColorExtension.swift in Sources */,
				19AC19E5252D632800AB0351 /* UIAlertControllerExtension.swift in Sources */,
				19332C1B23D29708006403B9 /* SceneDelegate.swift in Sources */,
				19332C4323D29E95006403B9 /* HomeTableViewController.swift in Sources */,
				19663AC6252F68FB00217FA9 /* StringExtension.swift in Sources */,
				19C88E182533786C0093E921 /* GuildRosterTableViewController.swift in Sources */,
				19CF1D172436655B009F2700 /* SCCharacterProfile.swift in Sources */,
				1944059D2531477900CE8FC0 /* OtherCharacterTableViewCell.swift in Sources */,
			);
			runOnlyForDeploymentPostprocessing = 0;
		};
		19332C2A23D29711006403B9 /* Sources */ = {
			isa = PBXSourcesBuildPhase;
			buildActionMask = 2147483647;
			files = (
				196234802520014600464FA7 /* WoW_HeroesTests.swift in Sources */,
			);
			runOnlyForDeploymentPostprocessing = 0;
		};
/* End PBXSourcesBuildPhase section */

/* Begin PBXTargetDependency section */
		19332C3023D29711006403B9 /* PBXTargetDependency */ = {
			isa = PBXTargetDependency;
			target = 19332C1423D29708006403B9 /* WoW_Heroes */;
			targetProxy = 19332C2F23D29711006403B9 /* PBXContainerItemProxy */;
		};
/* End PBXTargetDependency section */

/* Begin PBXVariantGroup section */
		19332C2623D29711006403B9 /* LaunchScreen.storyboard */ = {
			isa = PBXVariantGroup;
			children = (
				19332C2723D29711006403B9 /* Base */,
			);
			name = LaunchScreen.storyboard;
			sourceTree = "<group>";
		};
/* End PBXVariantGroup section */

/* Begin XCBuildConfiguration section */
		19332C3523D29711006403B9 /* Debug */ = {
			isa = XCBuildConfiguration;
			buildSettings = {
				ALWAYS_SEARCH_USER_PATHS = NO;
				CLANG_ANALYZER_NONNULL = YES;
				CLANG_ANALYZER_NUMBER_OBJECT_CONVERSION = YES_AGGRESSIVE;
				CLANG_CXX_LANGUAGE_STANDARD = "gnu++14";
				CLANG_CXX_LIBRARY = "libc++";
				CLANG_ENABLE_MODULES = YES;
				CLANG_ENABLE_OBJC_ARC = YES;
				CLANG_ENABLE_OBJC_WEAK = YES;
				CLANG_WARN_BLOCK_CAPTURE_AUTORELEASING = YES;
				CLANG_WARN_BOOL_CONVERSION = YES;
				CLANG_WARN_COMMA = YES;
				CLANG_WARN_CONSTANT_CONVERSION = YES;
				CLANG_WARN_DEPRECATED_OBJC_IMPLEMENTATIONS = YES;
				CLANG_WARN_DIRECT_OBJC_ISA_USAGE = YES_ERROR;
				CLANG_WARN_DOCUMENTATION_COMMENTS = YES;
				CLANG_WARN_EMPTY_BODY = YES;
				CLANG_WARN_ENUM_CONVERSION = YES;
				CLANG_WARN_INFINITE_RECURSION = YES;
				CLANG_WARN_INT_CONVERSION = YES;
				CLANG_WARN_NON_LITERAL_NULL_CONVERSION = YES;
				CLANG_WARN_OBJC_IMPLICIT_RETAIN_SELF = YES;
				CLANG_WARN_OBJC_LITERAL_CONVERSION = YES;
				CLANG_WARN_OBJC_ROOT_CLASS = YES_ERROR;
				CLANG_WARN_RANGE_LOOP_ANALYSIS = YES;
				CLANG_WARN_STRICT_PROTOTYPES = YES;
				CLANG_WARN_SUSPICIOUS_MOVE = YES;
				CLANG_WARN_UNGUARDED_AVAILABILITY = YES_AGGRESSIVE;
				CLANG_WARN_UNREACHABLE_CODE = YES;
				CLANG_WARN__DUPLICATE_METHOD_MATCH = YES;
				COPY_PHASE_STRIP = NO;
				DEBUG_INFORMATION_FORMAT = dwarf;
				ENABLE_STRICT_OBJC_MSGSEND = YES;
				ENABLE_TESTABILITY = YES;
				GCC_C_LANGUAGE_STANDARD = gnu11;
				GCC_DYNAMIC_NO_PIC = NO;
				GCC_NO_COMMON_BLOCKS = YES;
				GCC_OPTIMIZATION_LEVEL = 0;
				GCC_PREPROCESSOR_DEFINITIONS = (
					"DEBUG=1",
					"$(inherited)",
				);
				GCC_WARN_64_TO_32_BIT_CONVERSION = YES;
				GCC_WARN_ABOUT_RETURN_TYPE = YES_ERROR;
				GCC_WARN_UNDECLARED_SELECTOR = YES;
				GCC_WARN_UNINITIALIZED_AUTOS = YES_AGGRESSIVE;
				GCC_WARN_UNUSED_FUNCTION = YES;
				GCC_WARN_UNUSED_VARIABLE = YES;
				IPHONEOS_DEPLOYMENT_TARGET = 13.2;
				MTL_ENABLE_DEBUG_INFO = INCLUDE_SOURCE;
				MTL_FAST_MATH = YES;
				ONLY_ACTIVE_ARCH = YES;
				SDKROOT = iphoneos;
				SWIFT_ACTIVE_COMPILATION_CONDITIONS = DEBUG;
				SWIFT_OPTIMIZATION_LEVEL = "-Onone";
			};
			name = Debug;
		};
		19332C3623D29711006403B9 /* Release */ = {
			isa = XCBuildConfiguration;
			buildSettings = {
				ALWAYS_SEARCH_USER_PATHS = NO;
				CLANG_ANALYZER_NONNULL = YES;
				CLANG_ANALYZER_NUMBER_OBJECT_CONVERSION = YES_AGGRESSIVE;
				CLANG_CXX_LANGUAGE_STANDARD = "gnu++14";
				CLANG_CXX_LIBRARY = "libc++";
				CLANG_ENABLE_MODULES = YES;
				CLANG_ENABLE_OBJC_ARC = YES;
				CLANG_ENABLE_OBJC_WEAK = YES;
				CLANG_WARN_BLOCK_CAPTURE_AUTORELEASING = YES;
				CLANG_WARN_BOOL_CONVERSION = YES;
				CLANG_WARN_COMMA = YES;
				CLANG_WARN_CONSTANT_CONVERSION = YES;
				CLANG_WARN_DEPRECATED_OBJC_IMPLEMENTATIONS = YES;
				CLANG_WARN_DIRECT_OBJC_ISA_USAGE = YES_ERROR;
				CLANG_WARN_DOCUMENTATION_COMMENTS = YES;
				CLANG_WARN_EMPTY_BODY = YES;
				CLANG_WARN_ENUM_CONVERSION = YES;
				CLANG_WARN_INFINITE_RECURSION = YES;
				CLANG_WARN_INT_CONVERSION = YES;
				CLANG_WARN_NON_LITERAL_NULL_CONVERSION = YES;
				CLANG_WARN_OBJC_IMPLICIT_RETAIN_SELF = YES;
				CLANG_WARN_OBJC_LITERAL_CONVERSION = YES;
				CLANG_WARN_OBJC_ROOT_CLASS = YES_ERROR;
				CLANG_WARN_RANGE_LOOP_ANALYSIS = YES;
				CLANG_WARN_STRICT_PROTOTYPES = YES;
				CLANG_WARN_SUSPICIOUS_MOVE = YES;
				CLANG_WARN_UNGUARDED_AVAILABILITY = YES_AGGRESSIVE;
				CLANG_WARN_UNREACHABLE_CODE = YES;
				CLANG_WARN__DUPLICATE_METHOD_MATCH = YES;
				COPY_PHASE_STRIP = NO;
				DEBUG_INFORMATION_FORMAT = "dwarf-with-dsym";
				ENABLE_NS_ASSERTIONS = NO;
				ENABLE_STRICT_OBJC_MSGSEND = YES;
				GCC_C_LANGUAGE_STANDARD = gnu11;
				GCC_NO_COMMON_BLOCKS = YES;
				GCC_WARN_64_TO_32_BIT_CONVERSION = YES;
				GCC_WARN_ABOUT_RETURN_TYPE = YES_ERROR;
				GCC_WARN_UNDECLARED_SELECTOR = YES;
				GCC_WARN_UNINITIALIZED_AUTOS = YES_AGGRESSIVE;
				GCC_WARN_UNUSED_FUNCTION = YES;
				GCC_WARN_UNUSED_VARIABLE = YES;
				IPHONEOS_DEPLOYMENT_TARGET = 13.2;
				MTL_ENABLE_DEBUG_INFO = NO;
				MTL_FAST_MATH = YES;
				SDKROOT = iphoneos;
				SWIFT_COMPILATION_MODE = wholemodule;
				SWIFT_OPTIMIZATION_LEVEL = "-O";
				VALIDATE_PRODUCT = YES;
			};
			name = Release;
		};
		19332C3823D29711006403B9 /* Debug */ = {
			isa = XCBuildConfiguration;
			buildSettings = {
				ASSETCATALOG_COMPILER_APPICON_NAME = AppIcon;
				CODE_SIGN_STYLE = Automatic;
				DEVELOPMENT_TEAM = Z4PM8J443B;
				GCC_NO_COMMON_BLOCKS = NO;
				GCC_TREAT_WARNINGS_AS_ERRORS = YES;
				INFOPLIST_FILE = WoW_Heroes/Info.plist;
				LD_RUNPATH_SEARCH_PATHS = (
					"$(inherited)",
					"@executable_path/Frameworks",
				);
				PRODUCT_BUNDLE_IDENTIFIER = "com.kadewalter.WoW-Heroes";
				PRODUCT_NAME = "$(TARGET_NAME)";
				SWIFT_TREAT_WARNINGS_AS_ERRORS = YES;
				SWIFT_VERSION = 5.0;
				TARGETED_DEVICE_FAMILY = "1,2";
			};
			name = Debug;
		};
		19332C3923D29711006403B9 /* Release */ = {
			isa = XCBuildConfiguration;
			buildSettings = {
				ASSETCATALOG_COMPILER_APPICON_NAME = AppIcon;
				CODE_SIGN_STYLE = Automatic;
				DEVELOPMENT_TEAM = Z4PM8J443B;
				GCC_NO_COMMON_BLOCKS = NO;
				GCC_TREAT_WARNINGS_AS_ERRORS = YES;
				INFOPLIST_FILE = WoW_Heroes/Info.plist;
				LD_RUNPATH_SEARCH_PATHS = (
					"$(inherited)",
					"@executable_path/Frameworks",
				);
				PRODUCT_BUNDLE_IDENTIFIER = "com.kadewalter.WoW-Heroes";
				PRODUCT_NAME = "$(TARGET_NAME)";
				SWIFT_TREAT_WARNINGS_AS_ERRORS = YES;
				SWIFT_VERSION = 5.0;
				TARGETED_DEVICE_FAMILY = "1,2";
			};
			name = Release;
		};
		19332C3B23D29711006403B9 /* Debug */ = {
			isa = XCBuildConfiguration;
			buildSettings = {
				ALWAYS_EMBED_SWIFT_STANDARD_LIBRARIES = YES;
				BUNDLE_LOADER = "$(TEST_HOST)";
				CLANG_ENABLE_MODULES = YES;
				CODE_SIGN_STYLE = Automatic;
				DEVELOPMENT_TEAM = Z4PM8J443B;
				INFOPLIST_FILE = WoW_HeroesTests/Info.plist;
				IPHONEOS_DEPLOYMENT_TARGET = 13.2;
				LD_RUNPATH_SEARCH_PATHS = (
					"$(inherited)",
					"@executable_path/Frameworks",
					"@loader_path/Frameworks",
				);
				PRODUCT_BUNDLE_IDENTIFIER = "com.kadewalter.WoW-Heroes.WoW-HeroesTests";
				PRODUCT_NAME = "$(TARGET_NAME)";
				SWIFT_OPTIMIZATION_LEVEL = "-Onone";
				SWIFT_VERSION = 5.0;
				TARGETED_DEVICE_FAMILY = "1,2";
				TEST_HOST = "$(BUILT_PRODUCTS_DIR)/WoW_Heroes.app/WoW_Heroes";
			};
			name = Debug;
		};
		19332C3C23D29711006403B9 /* Release */ = {
			isa = XCBuildConfiguration;
			buildSettings = {
				ALWAYS_EMBED_SWIFT_STANDARD_LIBRARIES = YES;
				BUNDLE_LOADER = "$(TEST_HOST)";
				CLANG_ENABLE_MODULES = YES;
				CODE_SIGN_STYLE = Automatic;
				DEVELOPMENT_TEAM = Z4PM8J443B;
				INFOPLIST_FILE = WoW_HeroesTests/Info.plist;
				IPHONEOS_DEPLOYMENT_TARGET = 13.2;
				LD_RUNPATH_SEARCH_PATHS = (
					"$(inherited)",
					"@executable_path/Frameworks",
					"@loader_path/Frameworks",
				);
				PRODUCT_BUNDLE_IDENTIFIER = "com.kadewalter.WoW-Heroes.WoW-HeroesTests";
				PRODUCT_NAME = "$(TARGET_NAME)";
				SWIFT_VERSION = 5.0;
				TARGETED_DEVICE_FAMILY = "1,2";
				TEST_HOST = "$(BUILT_PRODUCTS_DIR)/WoW_Heroes.app/WoW_Heroes";
			};
			name = Release;
		};
/* End XCBuildConfiguration section */

/* Begin XCConfigurationList section */
		19332C1023D29708006403B9 /* Build configuration list for PBXProject "WoW_Heroes" */ = {
			isa = XCConfigurationList;
			buildConfigurations = (
				19332C3523D29711006403B9 /* Debug */,
				19332C3623D29711006403B9 /* Release */,
			);
			defaultConfigurationIsVisible = 0;
			defaultConfigurationName = Release;
		};
		19332C3723D29711006403B9 /* Build configuration list for PBXNativeTarget "WoW_Heroes" */ = {
			isa = XCConfigurationList;
			buildConfigurations = (
				19332C3823D29711006403B9 /* Debug */,
				19332C3923D29711006403B9 /* Release */,
			);
			defaultConfigurationIsVisible = 0;
			defaultConfigurationName = Release;
		};
		19332C3A23D29711006403B9 /* Build configuration list for PBXNativeTarget "WoW_HeroesTests" */ = {
			isa = XCConfigurationList;
			buildConfigurations = (
				19332C3B23D29711006403B9 /* Debug */,
				19332C3C23D29711006403B9 /* Release */,
			);
			defaultConfigurationIsVisible = 0;
			defaultConfigurationName = Release;
		};
/* End XCConfigurationList section */

/* Begin XCVersionGroup section */
		19332C2123D29708006403B9 /* WoW_Heroes.xcdatamodeld */ = {
			isa = XCVersionGroup;
			children = (
				19332C2223D29708006403B9 /* WoW_Heroes.xcdatamodel */,
			);
			currentVersion = 19332C2223D29708006403B9 /* WoW_Heroes.xcdatamodel */;
			path = WoW_Heroes.xcdatamodeld;
			sourceTree = "<group>";
			versionGroupType = wrapper.xcdatamodel;
		};
/* End XCVersionGroup section */
	};
	rootObject = 19332C0D23D29708006403B9 /* Project object */;
}
